
Microsoft Visual Studio Solution File, Format Version 12.00
# Visual Studio 15
VisualStudioVersion = 15.0.27703.2042
MinimumVisualStudioVersion = 10.0.40219.1
Project("{FAE04EC0-301F-11D3-BF4B-00C04F79EFBC}") = "Example4", "Example4\Example4.csproj", "{C90ADA36-410F-42FD-81D0-1F855A969ED7}"
EndProject
Global
	GlobalSection(SolutionConfigurationPlatforms) = preSolution
		Debug|Any CPU = Debug|Any CPU
		Release|Any CPU = Release|Any CPU
	EndGlobalSection
	GlobalSection(ProjectConfigurationPlatforms) = postSolution
		{C90ADA36-410F-42FD-81D0-1F855A969ED7}.Debug|Any CPU.ActiveCfg = Debug|Any CPU
		{C90ADA36-410F-42FD-81D0-1F855A969ED7}.Debug|Any CPU.Build.0 = Debug|Any CPU
		{C90ADA36-410F-42FD-81D0-1F855A969ED7}.Release|Any CPU.ActiveCfg = Release|Any CPU
		{C90ADA36-410F-42FD-81D0-1F855A969ED7}.Release|Any CPU.Build.0 = Release|Any CPU
	EndGlobalSection
	GlobalSection(SolutionProperties) = preSolution
		HideSolutionNode = FALSE
	EndGlobalSection
	GlobalSection(ExtensibilityGlobals) = postSolution
		SolutionGuid = {06FCF436-ECE9-4883-87C3-86D27B521909}
	EndGlobalSection
EndGlobal
