
Microsoft Visual Studio Solution File, Format Version 12.00
# Visual Studio 15
VisualStudioVersion = 15.0.27703.2042
MinimumVisualStudioVersion = 10.0.40219.1
Project("{FAE04EC0-301F-11D3-BF4B-00C04F79EFBC}") = "Example1", "Example1\Example1.csproj", "{ABC74E0B-091C-4B72-886C-B1CACB260110}"
EndProject
Global
	GlobalSection(SolutionConfigurationPlatforms) = preSolution
		Debug|Any CPU = Debug|Any CPU
		Release|Any CPU = Release|Any CPU
	EndGlobalSection
	GlobalSection(ProjectConfigurationPlatforms) = postSolution
		{ABC74E0B-091C-4B72-886C-B1CACB260110}.Debug|Any CPU.ActiveCfg = Debug|Any CPU
		{ABC74E0B-091C-4B72-886C-B1CACB260110}.Debug|Any CPU.Build.0 = Debug|Any CPU
		{ABC74E0B-091C-4B72-886C-B1CACB260110}.Release|Any CPU.ActiveCfg = Release|Any CPU
		{ABC74E0B-091C-4B72-886C-B1CACB260110}.Release|Any CPU.Build.0 = Release|Any CPU
	EndGlobalSection
	GlobalSection(SolutionProperties) = preSolution
		HideSolutionNode = FALSE
	EndGlobalSection
	GlobalSection(ExtensibilityGlobals) = postSolution
		SolutionGuid = {041E7F2A-45FD-4CF6-B1F0-95E168F90C19}
	EndGlobalSection
EndGlobal
