
Microsoft Visual Studio Solution File, Format Version 12.00
# Visual Studio 15
VisualStudioVersion = 15.0.27703.2042
MinimumVisualStudioVersion = 10.0.40219.1
Project("{FAE04EC0-301F-11D3-BF4B-00C04F79EFBC}") = "Çalışma1", "Çalışma1\Çalışma1.csproj", "{4EE84610-28C2-4AC1-B8E3-3730D0DAC1C7}"
EndProject
Global
	GlobalSection(SolutionConfigurationPlatforms) = preSolution
		Debug|Any CPU = Debug|Any CPU
		Release|Any CPU = Release|Any CPU
	EndGlobalSection
	GlobalSection(ProjectConfigurationPlatforms) = postSolution
		{4EE84610-28C2-4AC1-B8E3-3730D0DAC1C7}.Debug|Any CPU.ActiveCfg = Debug|Any CPU
		{4EE84610-28C2-4AC1-B8E3-3730D0DAC1C7}.Debug|Any CPU.Build.0 = Debug|Any CPU
		{4EE84610-28C2-4AC1-B8E3-3730D0DAC1C7}.Release|Any CPU.ActiveCfg = Release|Any CPU
		{4EE84610-28C2-4AC1-B8E3-3730D0DAC1C7}.Release|Any CPU.Build.0 = Release|Any CPU
	EndGlobalSection
	GlobalSection(SolutionProperties) = preSolution
		HideSolutionNode = FALSE
	EndGlobalSection
	GlobalSection(ExtensibilityGlobals) = postSolution
		SolutionGuid = {D6D9E62D-D530-4B0A-9EF2-EFA34D5604BA}
	EndGlobalSection
EndGlobal
